# THIS IS AN AUTOGENERATED FILE. DO NOT EDIT THIS FILE DIRECTLY.
# yarn lockfile v1


knuth-shuffle@1.0.8:
  version "1.0.8"
  resolved "https://registry.yarnpkg.com/knuth-shuffle/-/knuth-shuffle-1.0.8.tgz#929a467b0efd8d297bdcf318ca988a9f1037f80d"
  integrity sha512-IdC4Hpp+mx53zTt6VAGsAtbGM0g4BV9fP8tTcviCosSwocHcRDw9uG5Rnv6wLWckF4r72qeXFoK9NkvV1gUJCQ==
